<?xml version="1.0" encoding="utf-8"?>
<Project ToolsVersion="4.0" xmlns="http://schemas.microsoft.com/developer/msbuild/2003">
  <ItemGroup>
    <ClCompile Include="Source\BaseComponent.cpp">
      <Filter>Source Files</Filter>
    </ClCompile>
    <ClCompile Include="Source\Checking.cpp">
      <Filter>Source Files</Filter>
    </ClCompile>
    <ClCompile Include="Source\GameObject.cpp">
      <Filter>Source Files</Filter>
    </ClCompile>
    <ClCompile Include="Source\GameWindow.cpp">
      <Filter>Source Files</Filter>
    </ClCompile>
    <ClCompile Include="Source\IceEngine.cpp">
      <Filter>Source Files</Filter>
    </ClCompile>
    <ClCompile Include="Source\InputProcesser.cpp">
      <Filter>Source Files</Filter>
    </ClCompile>
    <ClCompile Include="Source\SceneGraph.cpp">
      <Filter>Source Files</Filter>
    </ClCompile>
    <ClCompile Include="Source\ScriptComponent.cpp">
      <Filter>Source Files</Filter>
    </ClCompile>
    <ClCompile Include="Source\Main.cpp">
      <Filter>Source Files</Filter>
    </ClCompile>
    <ClCompile Include="Source\SplashScreen.cpp">
      <Filter>Source Files</Filter>
    </ClCompile>
    <ClCompile Include="Source\TransformComponent.cpp">
      <Filter>Source Files</Filter>
    </ClCompile>
    <ClCompile Include="Source\AIComponent.cpp">
      <Filter>Source Files</Filter>
    </ClCompile>
    <ClCompile Include="Source\SpriteComponent.cpp">
      <Filter>Source Files</Filter>
    </ClCompile>
    <ClCompile Include="Source\AudioComponent.cpp">
      <Filter>Source Files</Filter>
    </ClCompile>
    <ClCompile Include="Source\EventDispacher.cpp">
      <Filter>Source Files</Filter>
    </ClCompile>
    <ClCompile Include="Source\KeyEventHandler.cpp">
      <Filter>Source Files</Filter>
    </ClCompile>

  </ItemGroup>
  <ItemGroup>
    <ClInclude Include="Lib\Checking.h">
      <Filter>Header Files</Filter>
    </ClInclude>
    <ClInclude Include="Lib\BaseComponent.h">
      <Filter>Header Files</Filter>
    </ClInclude>
    <ClInclude Include="Lib\Game Window.h">
      <Filter>Header Files</Filter>
    </ClInclude>
    <ClInclude Include="Lib\GameObject.h">
      <Filter>Header Files</Filter>
    </ClInclude>
    <ClInclude Include="Lib\IceEngine.h">
      <Filter>Header Files</Filter>
    </ClInclude>
    <ClInclude Include="Lib\InputProcesser.h">
      <Filter>Header Files</Filter>
    </ClInclude>
    <ClInclude Include="Lib\LuaAdapter.hpp">
      <Filter>Header Files</Filter>
    </ClInclude>
    <ClInclude Include="Lib\LuaFunction.hpp">
      <Filter>Header Files</Filter>
    </ClInclude>
    <ClInclude Include="Lib\LuaTable.hpp">
      <Filter>Header Files</Filter>
    </ClInclude>
    <ClInclude Include="Lib\SceneGraph.h">
      <Filter>Header Files</Filter>
    </ClInclude>
    <ClInclude Include="Lib\SplashScreen.h">
      <Filter>Header Files</Filter>
    </ClInclude>
    <ClInclude Include="Lib\ScriptComponent.h">
      <Filter>Header Files</Filter>
    </ClInclude>
    <ClInclude Include="Lib\TransformComponent.h">
      <Filter>Header Files</Filter>
    </ClInclude>
    <ClInclude Include="Lib\AIComponent.h">
      <Filter>Header Files</Filter>
    </ClInclude>
    <ClInclude Include="Lib\SpriteComponent.h">
      <Filter>Header Files</Filter>
    </ClInclude>
    <ClInclude Include="Lib\AudioComponent.h">
      <Filter>Header Files</Filter>
    </ClInclude>
    <ClInclude Include="Lib\EventDispacher.h">
      <Filter>Header Files</Filter>
    </ClInclude>
    <ClInclude Include="Lib\KeyEventHandler.h">
      <Filter>Header Files</Filter>
    </ClInclude>
  </ItemGroup>
  <ItemGroup>
    <Filter Include="Header Files">
      <UniqueIdentifier>{2403894d-aa55-4bb4-85c9-c08c72c72695}</UniqueIdentifier>
      <Extensions>h;hh;hpp;hxx;hm;inl;inc;ipp;xsd</Extensions>
    </Filter>
    <Filter Include="Source Files">
      <UniqueIdentifier>{313a0b22-95cf-4810-92d7-9561d8d151fc}</UniqueIdentifier>
      <Extensions>cpp;c;cc;cxx;def;odl;idl;hpj;bat;asm;asmx</Extensions>
    </Filter>
    <Filter Include="Assets Files">
      <UniqueIdentifier>{131ca220-0d12-49b8-86cf-2bebe6a3343e}</UniqueIdentifier>
    </Filter>
  </ItemGroup>
  <ItemGroup>
    <None Include="Lib\test.lua">
      <Filter>Source Files</Filter>
    </None>
  </ItemGroup>
  <ItemGroup>
    <Image Include="Source\cat.png">
      <Filter>Assets Files</Filter>
    </Image>
    <Image Include="Assets\SplashScreen.jpg">
      <Filter>Assets Files</Filter>
    </Image>
    <Image Include="Assets\snowflake.png">
      <Filter>Assets Files</Filter>
    </Image>
  </ItemGroup>
  <ItemGroup>
    <Media Include="Assets\EngineBG.wav">
      <Filter>Assets Files</Filter>
    </Media>
    <Media Include="Assets\GunShot.wav">
      <Filter>Assets Files</Filter>
    </Media>
    <Media Include="Assets\PewPew.wav">
      <Filter>Assets Files</Filter>
    </Media>
  </ItemGroup>
</Project>